
Microsoft Visual Studio Solution File, Format Version 12.00
# Visual Studio 15
VisualStudioVersion = 15.0.28010.2046
MinimumVisualStudioVersion = 10.0.40219.1
Project("{FAE04EC0-301F-11D3-BF4B-00C04F79EFBC}") = "ErunaChess", "ErunaChess\ErunaChess.csproj", "{477DBCAF-D4A8-46C2-9A22-B23037BCCBDD}"
EndProject
Global
	GlobalSection(SolutionConfigurationPlatforms) = preSolution
		Debug|Any CPU = Debug|Any CPU
		Release|Any CPU = Release|Any CPU
	EndGlobalSection
	GlobalSection(ProjectConfigurationPlatforms) = postSolution
		{477DBCAF-D4A8-46C2-9A22-B23037BCCBDD}.Debug|Any CPU.ActiveCfg = Debug|Any CPU
		{477DBCAF-D4A8-46C2-9A22-B23037BCCBDD}.Debug|Any CPU.Build.0 = Debug|Any CPU
		{477DBCAF-D4A8-46C2-9A22-B23037BCCBDD}.Release|Any CPU.ActiveCfg = Release|Any CPU
		{477DBCAF-D4A8-46C2-9A22-B23037BCCBDD}.Release|Any CPU.Build.0 = Release|Any CPU
	EndGlobalSection
	GlobalSection(SolutionProperties) = preSolution
		HideSolutionNode = FALSE
	EndGlobalSection
	GlobalSection(ExtensibilityGlobals) = postSolution
		SolutionGuid = {5B756BE9-09D9-4066-BFBB-5459F33385D0}
	EndGlobalSection
EndGlobal
